
Microsoft Visual Studio Solution File, Format Version 12.00
# Visual Studio 15
VisualStudioVersion = 15.0.28307.960
MinimumVisualStudioVersion = 10.0.40219.1
Project("{9A19103F-16F7-4668-BE54-9A1E7A4F7556}") = "CrossTask", "CrossTask.csproj", "{339097D2-DE1E-4A43-B508-BE7DC6229774}"
EndProject
Global
	GlobalSection(SolutionConfigurationPlatforms) = preSolution
		Debug|Any CPU = Debug|Any CPU
		Release|Any CPU = Release|Any CPU
	EndGlobalSection
	GlobalSection(ProjectConfigurationPlatforms) = postSolution
		{339097D2-DE1E-4A43-B508-BE7DC6229774}.Debug|Any CPU.ActiveCfg = Debug|Any CPU
		{339097D2-DE1E-4A43-B508-BE7DC6229774}.Debug|Any CPU.Build.0 = Debug|Any CPU
		{339097D2-DE1E-4A43-B508-BE7DC6229774}.Release|Any CPU.ActiveCfg = Release|Any CPU
		{339097D2-DE1E-4A43-B508-BE7DC6229774}.Release|Any CPU.Build.0 = Release|Any CPU
	EndGlobalSection
	GlobalSection(SolutionProperties) = preSolution
		HideSolutionNode = FALSE
	EndGlobalSection
	GlobalSection(ExtensibilityGlobals) = postSolution
		SolutionGuid = {2012405C-BC36-49DE-ABB1-D2E54F00A8B0}
	EndGlobalSection
EndGlobal
